
Microsoft Visual Studio Solution File, Format Version 12.00
# Visual Studio Version 16
VisualStudioVersion = 16.0.31624.102
MinimumVisualStudioVersion = 10.0.40219.1
Project("{FAE04EC0-301F-11D3-BF4B-00C04F79EFBC}") = "radio button frame work", "radio button frame work.csproj", "{63C57DB3-E1A2-4F8E-A606-4A6B7F549724}"
EndProject
Global
	GlobalSection(SolutionConfigurationPlatforms) = preSolution
		Debug|Any CPU = Debug|Any CPU
		Release|Any CPU = Release|Any CPU
	EndGlobalSection
	GlobalSection(ProjectConfigurationPlatforms) = postSolution
		{63C57DB3-E1A2-4F8E-A606-4A6B7F549724}.Debug|Any CPU.ActiveCfg = Debug|Any CPU
		{63C57DB3-E1A2-4F8E-A606-4A6B7F549724}.Debug|Any CPU.Build.0 = Debug|Any CPU
		{63C57DB3-E1A2-4F8E-A606-4A6B7F549724}.Release|Any CPU.ActiveCfg = Release|Any CPU
		{63C57DB3-E1A2-4F8E-A606-4A6B7F549724}.Release|Any CPU.Build.0 = Release|Any CPU
	EndGlobalSection
	GlobalSection(SolutionProperties) = preSolution
		HideSolutionNode = FALSE
	EndGlobalSection
	GlobalSection(ExtensibilityGlobals) = postSolution
		SolutionGuid = {3C242576-66BA-4B50-8B74-9B3473CE5240}
	EndGlobalSection
EndGlobal
